
Microsoft Visual Studio Solution File, Format Version 12.00
# Visual Studio Version 17
VisualStudioVersion = 17.3.32901.215
MinimumVisualStudioVersion = 10.0.40219.1
Project("{FAE04EC0-301F-11D3-BF4B-00C04F79EFBC}") = "RelatorioWinForms", "RelatorioWinForms\RelatorioWinForms.csproj", "{35F2C4D3-1993-4C35-B186-FC1131A52555}"
EndProject
Project("{FAE04EC0-301F-11D3-BF4B-00C04F79EFBC}") = "Relatorio", "Relatorio\Relatorio.csproj", "{49E9BE7A-16EB-48EE-82F3-AE10FB91F116}"
EndProject
Global
	GlobalSection(SolutionConfigurationPlatforms) = preSolution
		Debug|Any CPU = Debug|Any CPU
		Release|Any CPU = Release|Any CPU
	EndGlobalSection
	GlobalSection(ProjectConfigurationPlatforms) = postSolution
		{35F2C4D3-1993-4C35-B186-FC1131A52555}.Debug|Any CPU.ActiveCfg = Debug|Any CPU
		{35F2C4D3-1993-4C35-B186-FC1131A52555}.Debug|Any CPU.Build.0 = Debug|Any CPU
		{35F2C4D3-1993-4C35-B186-FC1131A52555}.Release|Any CPU.ActiveCfg = Release|Any CPU
		{35F2C4D3-1993-4C35-B186-FC1131A52555}.Release|Any CPU.Build.0 = Release|Any CPU
		{49E9BE7A-16EB-48EE-82F3-AE10FB91F116}.Debug|Any CPU.ActiveCfg = Debug|Any CPU
		{49E9BE7A-16EB-48EE-82F3-AE10FB91F116}.Debug|Any CPU.Build.0 = Debug|Any CPU
		{49E9BE7A-16EB-48EE-82F3-AE10FB91F116}.Release|Any CPU.ActiveCfg = Release|Any CPU
		{49E9BE7A-16EB-48EE-82F3-AE10FB91F116}.Release|Any CPU.Build.0 = Release|Any CPU
	EndGlobalSection
	GlobalSection(SolutionProperties) = preSolution
		HideSolutionNode = FALSE
	EndGlobalSection
	GlobalSection(ExtensibilityGlobals) = postSolution
		SolutionGuid = {E114C3ED-3964-4226-84A2-669B6137D6AA}
	EndGlobalSection
EndGlobal
